// !$*UTF8*$!
{
	archiveVersion = 1;
	classes = {
	};
	objectVersion = 77;
	objects = {

/* Begin PBXContainerItemProxy section */
		F93AC5CF2F8606C90050F7C0 /* PBXContainerItemProxy */ = {
			isa = PBXContainerItemProxy;
			containerPortal = F93AC5B62F8606C80050F7C0 /* Project object */;
			proxyType = 1;
			remoteGlobalIDString = F93AC5BD2F8606C80050F7C0;
			remoteInfo = VinylCollector;
		};
		F93AC5D92F8606C90050F7C0 /* PBXContainerItemProxy */ = {
			isa = PBXContainerItemProxy;
			containerPortal = F93AC5B62F8606C80050F7C0 /* Project object */;
			proxyType = 1;
			remoteGlobalIDString = F93AC5BD2F8606C80050F7C0;
			remoteInfo = VinylCollector;
		};
/* End PBXContainerItemProxy section */

/* Begin PBXFileReference section */
		F93AC5BE2F8606C80050F7C0 /* VinylCollector.app */ = {isa = PBXFileReference; explicitFileType = wrapper.application; includeInIndex = 0; path = VinylCollector.app; sourceTree = BUILT_PRODUCTS_DIR; };
		F93AC5CE2F8606C90050F7C0 /* VinylCollectorTests.xctest */ = {isa = PBXFileReference; explicitFileType = wrapper.cfbundle; includeInIndex = 0; path = VinylCollectorTests.xctest; sourceTree = BUILT_PRODUCTS_DIR; };
		F93AC5D82F8606C90050F7C0 /* VinylCollectorUITests.xctest */ = {isa = PBXFileReference; explicitFileType = wrapper.cfbundle; includeInIndex = 0; path = VinylCollectorUITests.xctest; sourceTree = BUILT_PRODUCTS_DIR; };
/* End PBXFileReference section */

/* Begin PBXFileSystemSynchronizedRootGroup section */
		F93AC5C02F8606C80050F7C0 /* VinylCollector */ = {
			isa = PBXFileSystemSynchronizedRootGroup;
			path = VinylCollector;
			sourceTree = "<group>";
		};
		F93AC5D12F8606C90050F7C0 /* VinylCollectorTests */ = {
			isa = PBXFileSystemSynchronizedRootGroup;
			path = VinylCollectorTests;
			sourceTree = "<group>";
		};
		F93AC5DB2F8606C90050F7C0 /* VinylCollectorUITests */ = {
			isa = PBXFileSystemSynchronizedRootGroup;
			path = VinylCollectorUITests;
			sourceTree = "<group>";
		};
/* End PBXFileSystemSynchronizedRootGroup section */

/* Begin PBXFrameworksBuildPhase section */
		F93AC5BB2F8606C80050F7C0 /* Frameworks */ = {
			isa = PBXFrameworksBuildPhase;
			buildActionMask = 2147483647;
			files = (
			);
			runOnlyForDeploymentPostprocessing = 0;
		};
		F93AC5CB2F8606C90050F7C0 /* Frameworks */ = {
			isa = PBXFrameworksBuildPhase;
			buildActionMask = 2147483647;
			files = (
			);
			runOnlyForDeploymentPostprocessing = 0;
		};
		F93AC5D52F8606C90050F7C0 /* Frameworks */ = {
			isa = PBXFrameworksBuildPhase;
			buildActionMask = 2147483647;
			files = (
			);
			runOnlyForDeploymentPostprocessing = 0;
		};
/* End PBXFrameworksBuildPhase section */

/* Begin PBXGroup section */
		F93AC5B52F8606C80050F7C0 = {
			isa = PBXGroup;
			children = (
				F93AC5C02F8606C80050F7C0 /* VinylCollector */,
				F93AC5D12F8606C90050F7C0 /* VinylCollectorTests */,
				F93AC5DB2F8606C90050F7C0 /* VinylCollectorUITests */,
				F93AC5BF2F8606C80050F7C0 /* Products */,
			);
			sourceTree = "<group>";
		};
		F93AC5BF2F8606C80050F7C0 /* Products */ = {
			isa = PBXGroup;
			children = (
				F93AC5BE2F8606C80050F7C0 /* VinylCollector.app */,
				F93AC5CE2F8606C90050F7C0 /* VinylCollectorTests.xctest */,
				F93AC5D82F8606C90050F7C0 /* VinylCollectorUITests.xctest */,
			);
			name = Products;
			sourceTree = "<group>";
		};
/* End PBXGroup section */

/* Begin PBXNativeTarget section */
		F93AC5BD2F8606C80050F7C0 /* VinylCollector */ = {
			isa = PBXNativeTarget;
			buildConfigurationList = F93AC5E22F8606C90050F7C0 /* Build configuration list for PBXNativeTarget "VinylCollector" */;
			buildPhases = (
				F93AC5BA2F8606C80050F7C0 /* Sources */,
				F93AC5BB2F8606C80050F7C0 /* Frameworks */,
				F93AC5BC2F8606C80050F7C0 /* Resources */,
			);
			buildRules = (
			);
			dependencies = (
			);
			fileSystemSynchronizedGroups = (
				F93AC5C02F8606C80050F7C0 /* VinylCollector */,
			);
			name = VinylCollector;
			packageProductDependencies = (
			);
			productName = VinylCollector;
			productReference = F93AC5BE2F8606C80050F7C0 /* VinylCollector.app */;
			productType = "com.apple.product-type.application";
		};
		F93AC5CD2F8606C90050F7C0 /* VinylCollectorTests */ = {
			isa = PBXNativeTarget;
			buildConfigurationList = F93AC5E52F8606C90050F7C0 /* Build configuration list for PBXNativeTarget "VinylCollectorTests" */;
			buildPhases = (
				F93AC5CA2F8606C90050F7C0 /* Sources */,
				F93AC5CB2F8606C90050F7C0 /* Frameworks */,
				F93AC5CC2F8606C90050F7C0 /* Resources */,
			);
			buildRules = (
			);
			dependencies = (
				F93AC5D02F8606C90050F7C0 /* PBXTargetDependency */,
			);
			fileSystemSynchronizedGroups = (
				F93AC5D12F8606C90050F7C0 /* VinylCollectorTests */,
			);
			name = VinylCollectorTests;
			packageProductDependencies = (
			);
			productName = VinylCollectorTests;
			productReference = F93AC5CE2F8606C90050F7C0 /* VinylCollectorTests.xctest */;
			productType = "com.apple.product-type.bundle.unit-test";
		};
		F93AC5D72F8606C90050F7C0 /* VinylCollectorUITests */ = {
			isa = PBXNativeTarget;
			buildConfigurationList = F93AC5E82F8606C90050F7C0 /* Build configuration list for PBXNativeTarget "VinylCollectorUITests" */;
			buildPhases = (
				F93AC5D42F8606C90050F7C0 /* Sources */,
				F93AC5D52F8606C90050F7C0 /* Frameworks */,
				F93AC5D62F8606C90050F7C0 /* Resources */,
			);
			buildRules = (
			);
			dependencies = (
				F93AC5DA2F8606C90050F7C0 /* PBXTargetDependency */,
			);
			fileSystemSynchronizedGroups = (
				F93AC5DB2F8606C90050F7C0 /* VinylCollectorUITests */,
			);
			name = VinylCollectorUITests;
			packageProductDependencies = (
			);
			productName = VinylCollectorUITests;
			productReference = F93AC5D82F8606C90050F7C0 /* VinylCollectorUITests.xctest */;
			productType = "com.apple.product-type.bundle.ui-testing";
		};
/* End PBXNativeTarget section */

/* Begin PBXProject section */
		F93AC5B62F8606C80050F7C0 /* Project object */ = {
			isa = PBXProject;
			attributes = {
				BuildIndependentTargetsInParallel = 1;
				LastSwiftUpdateCheck = 1620;
				LastUpgradeCheck = 1620;
				TargetAttributes = {
					F93AC5BD2F8606C80050F7C0 = {
						CreatedOnToolsVersion = 16.2;
					};
					F93AC5CD2F8606C90050F7C0 = {
						CreatedOnToolsVersion = 16.2;
						TestTargetID = F93AC5BD2F8606C80050F7C0;
					};
					F93AC5D72F8606C90050F7C0 = {
						CreatedOnToolsVersion = 16.2;
						TestTargetID = F93AC5BD2F8606C80050F7C0;
					};
				};
			};
			buildConfigurationList = F93AC5B92F8606C80050F7C0 /* Build configuration list for PBXProject "VinylCollector" */;
			developmentRegion = en;
			hasScannedForEncodings = 0;
			knownRegions = (
				en,
				Base,
			);
			mainGroup = F93AC5B52F8606C80050F7C0;
			minimizedProjectReferenceProxies = 1;
			preferredProjectObjectVersion = 77;
			productRefGroup = F93AC5BF2F8606C80050F7C0 /* Products */;
			projectDirPath = "";
			projectRoot = "";
			targets = (
				F93AC5BD2F8606C80050F7C0 /* VinylCollector */,
				F93AC5CD2F8606C90050F7C0 /* VinylCollectorTests */,
				F93AC5D72F8606C90050F7C0 /* VinylCollectorUITests */,
			);
		};
/* End PBXProject section */

/* Begin PBXResourcesBuildPhase section */
		F93AC5BC2F8606C80050F7C0 /* Resources */ = {
			isa = PBXResourcesBuildPhase;
			buildActionMask = 2147483647;
			files = (
			);
			runOnlyForDeploymentPostprocessing = 0;
		};
		F93AC5CC2F8606C90050F7C0 /* Resources */ = {
			isa = PBXResourcesBuildPhase;
			buildActionMask = 2147483647;
			files = (
			);
			runOnlyForDeploymentPostprocessing = 0;
		};
		F93AC5D62F8606C90050F7C0 /* Resources */ = {
			isa = PBXResourcesBuildPhase;
			buildActionMask = 2147483647;
			files = (
			);
			runOnlyForDeploymentPostprocessing = 0;
		};
/* End PBXResourcesBuildPhase section */

/* Begin PBXSourcesBuildPhase section */
		F93AC5BA2F8606C80050F7C0 /* Sources */ = {
			isa = PBXSourcesBuildPhase;
			buildActionMask = 2147483647;
			files = (
			);
			runOnlyForDeploymentPostprocessing = 0;
		};
		F93AC5CA2F8606C90050F7C0 /* Sources */ = {
			isa = PBXSourcesBuildPhase;
			buildActionMask = 2147483647;
			files = (
			);
			runOnlyForDeploymentPostprocessing = 0;
		};
		F93AC5D42F8606C90050F7C0 /* Sources */ = {
			isa = PBXSourcesBuildPhase;
			buildActionMask = 2147483647;
			files = (
			);
			runOnlyForDeploymentPostprocessing = 0;
		};
/* End PBXSourcesBuildPhase section */

/* Begin PBXTargetDependency section */
		F93AC5D02F8606C90050F7C0 /* PBXTargetDependency */ = {
			isa = PBXTargetDependency;
			target = F93AC5BD2F8606C80050F7C0 /* VinylCollector */;
			targetProxy = F93AC5CF2F8606C90050F7C0 /* PBXContainerItemProxy */;
		};
		F93AC5DA2F8606C90050F7C0 /* PBXTargetDependency */ = {
			isa = PBXTargetDependency;
			target = F93AC5BD2F8606C80050F7C0 /* VinylCollector */;
			targetProxy = F93AC5D92F8606C90050F7C0 /* PBXContainerItemProxy */;
		};
/* End PBXTargetDependency section */

/* Begin XCBuildConfiguration section */
		F93AC5E02F8606C90050F7C0 /* Debug */ = {
			isa = XCBuildConfiguration;
			buildSettings = {
				ALWAYS_SEARCH_USER_PATHS = NO;
				ASSETCATALOG_COMPILER_GENERATE_SWIFT_ASSET_SYMBOL_EXTENSIONS = YES;
				CLANG_ANALYZER_NONNULL = YES;
				CLANG_ANALYZER_NUMBER_OBJECT_CONVERSION = YES_AGGRESSIVE;
				CLANG_CXX_LANGUAGE_STANDARD = "gnu++20";
				CLANG_ENABLE_MODULES = YES;
				CLANG_ENABLE_OBJC_ARC = YES;
				CLANG_ENABLE_OBJC_WEAK = YES;
				CLANG_WARN_BLOCK_CAPTURE_AUTORELEASING = YES;
				CLANG_WARN_BOOL_CONVERSION = YES;
				CLANG_WARN_COMMA = YES;
				CLANG_WARN_CONSTANT_CONVERSION = YES;
				CLANG_WARN_DEPRECATED_OBJC_IMPLEMENTATIONS = YES;
				CLANG_WARN_DIRECT_OBJC_ISA_USAGE = YES_ERROR;
				CLANG_WARN_DOCUMENTATION_COMMENTS = YES;
				CLANG_WARN_EMPTY_BODY = YES;
				CLANG_WARN_ENUM_CONVERSION = YES;
				CLANG_WARN_INFINITE_RECURSION = YES;
				CLANG_WARN_INT_CONVERSION = YES;
				CLANG_WARN_NON_LITERAL_NULL_CONVERSION = YES;
				CLANG_WARN_OBJC_IMPLICIT_RETAIN_SELF = YES;
				CLANG_WARN_OBJC_LITERAL_CONVERSION = YES;
				CLANG_WARN_OBJC_ROOT_CLASS = YES_ERROR;
				CLANG_WARN_QUOTED_INCLUDE_IN_FRAMEWORK_HEADER = YES;
				CLANG_WARN_RANGE_LOOP_ANALYSIS = YES;
				CLANG_WARN_STRICT_PROTOTYPES = YES;
				CLANG_WARN_SUSPICIOUS_MOVE = YES;
				CLANG_WARN_UNGUARDED_AVAILABILITY = YES_AGGRESSIVE;
				CLANG_WARN_UNREACHABLE_CODE = YES;
				CLANG_WARN__DUPLICATE_METHOD_MATCH = YES;
				COPY_PHASE_STRIP = NO;
				DEBUG_INFORMATION_FORMAT = dwarf;
				ENABLE_STRICT_OBJC_MSGSEND = YES;
				ENABLE_TESTABILITY = YES;
				ENABLE_USER_SCRIPT_SANDBOXING = YES;
				GCC_C_LANGUAGE_STANDARD = gnu17;
				GCC_DYNAMIC_NO_PIC = NO;
				GCC_NO_COMMON_BLOCKS = YES;
				GCC_OPTIMIZATION_LEVEL = 0;
				GCC_PREPROCESSOR_DEFINITIONS = (
					"DEBUG=1",
					"$(inherited)",
				);
				GCC_WARN_64_TO_32_BIT_CONVERSION = YES;
				GCC_WARN_ABOUT_RETURN_TYPE = YES_ERROR;
				GCC_WARN_UNDECLARED_SELECTOR = YES;
				GCC_WARN_UNINITIALIZED_AUTOS = YES_AGGRESSIVE;
				GCC_WARN_UNUSED_FUNCTION = YES;
				GCC_WARN_UNUSED_VARIABLE = YES;
				IPHONEOS_DEPLOYMENT_TARGET = 18.2;
				LOCALIZATION_PREFERS_STRING_CATALOGS = YES;
				MTL_ENABLE_DEBUG_INFO = INCLUDE_SOURCE;
				MTL_FAST_MATH = YES;
				ONLY_ACTIVE_ARCH = YES;
				SDKROOT = iphoneos;
				SWIFT_ACTIVE_COMPILATION_CONDITIONS = "DEBUG $(inherited)";
				SWIFT_OPTIMIZATION_LEVEL = "-Onone";
			};
			name = Debug;
		};
		F93AC5E12F8606C90050F7C0 /* Release */ = {
			isa = XCBuildConfiguration;
			buildSettings = {
				ALWAYS_SEARCH_USER_PATHS = NO;
				ASSETCATALOG_COMPILER_GENERATE_SWIFT_ASSET_SYMBOL_EXTENSIONS = YES;
				CLANG_ANALYZER_NONNULL = YES;
				CLANG_ANALYZER_NUMBER_OBJECT_CONVERSION = YES_AGGRESSIVE;
				CLANG_CXX_LANGUAGE_STANDARD = "gnu++20";
				CLANG_ENABLE_MODULES = YES;
				CLANG_ENABLE_OBJC_ARC = YES;
				CLANG_ENABLE_OBJC_WEAK = YES;
				CLANG_WARN_BLOCK_CAPTURE_AUTORELEASING = YES;
				CLANG_WARN_BOOL_CONVERSION = YES;
				CLANG_WARN_COMMA = YES;
				CLANG_WARN_CONSTANT_CONVERSION = YES;
				CLANG_WARN_DEPRECATED_OBJC_IMPLEMENTATIONS = YES;
				CLANG_WARN_DIRECT_OBJC_ISA_USAGE = YES_ERROR;
				CLANG_WARN_DOCUMENTATION_COMMENTS = YES;
				CLANG_WARN_EMPTY_BODY = YES;
				CLANG_WARN_ENUM_CONVERSION = YES;
				CLANG_WARN_INFINITE_RECURSION = YES;
				CLANG_WARN_INT_CONVERSION = YES;
				CLANG_WARN_NON_LITERAL_NULL_CONVERSION = YES;
				CLANG_WARN_OBJC_IMPLICIT_RETAIN_SELF = YES;
				CLANG_WARN_OBJC_LITERAL_CONVERSION = YES;
				CLANG_WARN_OBJC_ROOT_CLASS = YES_ERROR;
				CLANG_WARN_QUOTED_INCLUDE_IN_FRAMEWORK_HEADER = YES;
				CLANG_WARN_RANGE_LOOP_ANALYSIS = YES;
				CLANG_WARN_STRICT_PROTOTYPES = YES;
				CLANG_WARN_SUSPICIOUS_MOVE = YES;
				CLANG_WARN_UNGUARDED_AVAILABILITY = YES_AGGRESSIVE;
				CLANG_WARN_UNREACHABLE_CODE = YES;
				CLANG_WARN__DUPLICATE_METHOD_MATCH = YES;
				COPY_PHASE_STRIP = NO;
				DEBUG_INFORMATION_FORMAT = "dwarf-with-dsym";
				ENABLE_NS_ASSERTIONS = NO;
				ENABLE_STRICT_OBJC_MSGSEND = YES;
				ENABLE_USER_SCRIPT_SANDBOXING = YES;
				GCC_C_LANGUAGE_STANDARD = gnu17;
				GCC_NO_COMMON_BLOCKS = YES;
				GCC_WARN_64_TO_32_BIT_CONVERSION = YES;
				GCC_WARN_ABOUT_RETURN_TYPE = YES_ERROR;
				GCC_WARN_UNDECLARED_SELECTOR = YES;
				GCC_WARN_UNINITIALIZED_AUTOS = YES_AGGRESSIVE;
				GCC_WARN_UNUSED_FUNCTION = YES;
				GCC_WARN_UNUSED_VARIABLE = YES;
				IPHONEOS_DEPLOYMENT_TARGET = 18.2;
				LOCALIZATION_PREFERS_STRING_CATALOGS = YES;
				MTL_ENABLE_DEBUG_INFO = NO;
				MTL_FAST_MATH = YES;
				SDKROOT = iphoneos;
				SWIFT_COMPILATION_MODE = wholemodule;
				VALIDATE_PRODUCT = YES;
			};
			name = Release;
		};
		F93AC5E32F8606C90050F7C0 /* Debug */ = {
			isa = XCBuildConfiguration;
			buildSettings = {
				ASSETCATALOG_COMPILER_APPICON_NAME = AppIcon;
				ASSETCATALOG_COMPILER_GLOBAL_ACCENT_COLOR_NAME = AccentColor;
				CODE_SIGN_STYLE = Automatic;
				CURRENT_PROJECT_VERSION = 1;
				DEVELOPMENT_ASSET_PATHS = "\"VinylCollector/Preview Content\"";
				DEVELOPMENT_TEAM = NDGQMAWBKP;
				ENABLE_PREVIEWS = YES;
				GENERATE_INFOPLIST_FILE = YES;
				INFOPLIST_KEY_UIApplicationSceneManifest_Generation = YES;
				INFOPLIST_KEY_UIApplicationSupportsIndirectInputEvents = YES;
				INFOPLIST_KEY_UILaunchScreen_Generation = YES;
				INFOPLIST_KEY_UISupportedInterfaceOrientations_iPad = "UIInterfaceOrientationPortrait UIInterfaceOrientationPortraitUpsideDown UIInterfaceOrientationLandscapeLeft UIInterfaceOrientationLandscapeRight";
				INFOPLIST_KEY_UISupportedInterfaceOrientations_iPhone = "UIInterfaceOrientationPortrait UIInterfaceOrientationLandscapeLeft UIInterfaceOrientationLandscapeRight";
				LD_RUNPATH_SEARCH_PATHS = (
					"$(inherited)",
					"@executable_path/Frameworks",
				);
				MARKETING_VERSION = 1.0;
				PRODUCT_BUNDLE_IDENTIFIER = GoblinEnterprise.VinylCollector;
				PRODUCT_NAME = "$(TARGET_NAME)";
				SWIFT_EMIT_LOC_STRINGS = YES;
				SWIFT_VERSION = 5.0;
				TARGETED_DEVICE_FAMILY = "1,2";
			};
			name = Debug;
		};
		F93AC5E42F8606C90050F7C0 /* Release */ = {
			isa = XCBuildConfiguration;
			buildSettings = {
				ASSETCATALOG_COMPILER_APPICON_NAME = AppIcon;
				ASSETCATALOG_COMPILER_GLOBAL_ACCENT_COLOR_NAME = AccentColor;
				CODE_SIGN_STYLE = Automatic;
				CURRENT_PROJECT_VERSION = 1;
				DEVELOPMENT_ASSET_PATHS = "\"VinylCollector/Preview Content\"";
				DEVELOPMENT_TEAM = NDGQMAWBKP;
				ENABLE_PREVIEWS = YES;
				GENERATE_INFOPLIST_FILE = YES;
				INFOPLIST_KEY_UIApplicationSceneManifest_Generation = YES;
				INFOPLIST_KEY_UIApplicationSupportsIndirectInputEvents = YES;
				INFOPLIST_KEY_UILaunchScreen_Generation = YES;
				INFOPLIST_KEY_UISupportedInterfaceOrientations_iPad = "UIInterfaceOrientationPortrait UIInterfaceOrientationPortraitUpsideDown UIInterfaceOrientationLandscapeLeft UIInterfaceOrientationLandscapeRight";
				INFOPLIST_KEY_UISupportedInterfaceOrientations_iPhone = "UIInterfaceOrientationPortrait UIInterfaceOrientationLandscapeLeft UIInterfaceOrientationLandscapeRight";
				LD_RUNPATH_SEARCH_PATHS = (
					"$(inherited)",
					"@executable_path/Frameworks",
				);
				MARKETING_VERSION = 1.0;
				PRODUCT_BUNDLE_IDENTIFIER = GoblinEnterprise.VinylCollector;
				PRODUCT_NAME = "$(TARGET_NAME)";
				SWIFT_EMIT_LOC_STRINGS = YES;
				SWIFT_VERSION = 5.0;
				TARGETED_DEVICE_FAMILY = "1,2";
			};
			name = Release;
		};
		F93AC5E62F8606C90050F7C0 /* Debug */ = {
			isa = XCBuildConfiguration;
			buildSettings = {
				BUNDLE_LOADER = "$(TEST_HOST)";
				CODE_SIGN_STYLE = Automatic;
				CURRENT_PROJECT_VERSION = 1;
				DEVELOPMENT_TEAM = NDGQMAWBKP;
				GENERATE_INFOPLIST_FILE = YES;
				IPHONEOS_DEPLOYMENT_TARGET = 18.2;
				MARKETING_VERSION = 1.0;
				PRODUCT_BUNDLE_IDENTIFIER = GoblinEnterprise.VinylCollectorTests;
				PRODUCT_NAME = "$(TARGET_NAME)";
				SWIFT_EMIT_LOC_STRINGS = NO;
				SWIFT_VERSION = 5.0;
				TARGETED_DEVICE_FAMILY = "1,2";
				TEST_HOST = "$(BUILT_PRODUCTS_DIR)/VinylCollector.app/$(BUNDLE_EXECUTABLE_FOLDER_PATH)/VinylCollector";
			};
			name = Debug;
		};
		F93AC5E72F8606C90050F7C0 /* Release */ = {
			isa = XCBuildConfiguration;
			buildSettings = {
				BUNDLE_LOADER = "$(TEST_HOST)";
				CODE_SIGN_STYLE = Automatic;
				CURRENT_PROJECT_VERSION = 1;
				DEVELOPMENT_TEAM = NDGQMAWBKP;
				GENERATE_INFOPLIST_FILE = YES;
				IPHONEOS_DEPLOYMENT_TARGET = 18.2;
				MARKETING_VERSION = 1.0;
				PRODUCT_BUNDLE_IDENTIFIER = GoblinEnterprise.VinylCollectorTests;
				PRODUCT_NAME = "$(TARGET_NAME)";
				SWIFT_EMIT_LOC_STRINGS = NO;
				SWIFT_VERSION = 5.0;
				TARGETED_DEVICE_FAMILY = "1,2";
				TEST_HOST = "$(BUILT_PRODUCTS_DIR)/VinylCollector.app/$(BUNDLE_EXECUTABLE_FOLDER_PATH)/VinylCollector";
			};
			name = Release;
		};
		F93AC5E92F8606C90050F7C0 /* Debug */ = {
			isa = XCBuildConfiguration;
			buildSettings = {
				CODE_SIGN_STYLE = Automatic;
				CURRENT_PROJECT_VERSION = 1;
				DEVELOPMENT_TEAM = NDGQMAWBKP;
				GENERATE_INFOPLIST_FILE = YES;
				MARKETING_VERSION = 1.0;
				PRODUCT_BUNDLE_IDENTIFIER = GoblinEnterprise.VinylCollectorUITests;
				PRODUCT_NAME = "$(TARGET_NAME)";
				SWIFT_EMIT_LOC_STRINGS = NO;
				SWIFT_VERSION = 5.0;
				TARGETED_DEVICE_FAMILY = "1,2";
				TEST_TARGET_NAME = VinylCollector;
			};
			name = Debug;
		};
		F93AC5EA2F8606C90050F7C0 /* Release */ = {
			isa = XCBuildConfiguration;
			buildSettings = {
				CODE_SIGN_STYLE = Automatic;
				CURRENT_PROJECT_VERSION = 1;
				DEVELOPMENT_TEAM = NDGQMAWBKP;
				GENERATE_INFOPLIST_FILE = YES;
				MARKETING_VERSION = 1.0;
				PRODUCT_BUNDLE_IDENTIFIER = GoblinEnterprise.VinylCollectorUITests;
				PRODUCT_NAME = "$(TARGET_NAME)";
				SWIFT_EMIT_LOC_STRINGS = NO;
				SWIFT_VERSION = 5.0;
				TARGETED_DEVICE_FAMILY = "1,2";
				TEST_TARGET_NAME = VinylCollector;
			};
			name = Release;
		};
/* End XCBuildConfiguration section */

/* Begin XCConfigurationList section */
		F93AC5B92F8606C80050F7C0 /* Build configuration list for PBXProject "VinylCollector" */ = {
			isa = XCConfigurationList;
			buildConfigurations = (
				F93AC5E02F8606C90050F7C0 /* Debug */,
				F93AC5E12F8606C90050F7C0 /* Release */,
			);
			defaultConfigurationIsVisible = 0;
			defaultConfigurationName = Release;
		};
		F93AC5E22F8606C90050F7C0 /* Build configuration list for PBXNativeTarget "VinylCollector" */ = {
			isa = XCConfigurationList;
			buildConfigurations = (
				F93AC5E32F8606C90050F7C0 /* Debug */,
				F93AC5E42F8606C90050F7C0 /* Release */,
			);
			defaultConfigurationIsVisible = 0;
			defaultConfigurationName = Release;
		};
		F93AC5E52F8606C90050F7C0 /* Build configuration list for PBXNativeTarget "VinylCollectorTests" */ = {
			isa = XCConfigurationList;
			buildConfigurations = (
				F93AC5E62F8606C90050F7C0 /* Debug */,
				F93AC5E72F8606C90050F7C0 /* Release */,
			);
			defaultConfigurationIsVisible = 0;
			defaultConfigurationName = Release;
		};
		F93AC5E82F8606C90050F7C0 /* Build configuration list for PBXNativeTarget "VinylCollectorUITests" */ = {
			isa = XCConfigurationList;
			buildConfigurations = (
				F93AC5E92F8606C90050F7C0 /* Debug */,
				F93AC5EA2F8606C90050F7C0 /* Release */,
			);
			defaultConfigurationIsVisible = 0;
			defaultConfigurationName = Release;
		};
/* End XCConfigurationList section */
	};
	rootObject = F93AC5B62F8606C80050F7C0 /* Project object */;
}
